
Microsoft Visual Studio Solution File, Format Version 12.00
# Visual Studio Version 16
VisualStudioVersion = 16.0.30413.136
MinimumVisualStudioVersion = 10.0.40219.1
Project("{FAE04EC0-301F-11D3-BF4B-00C04F79EFBC}") = "BlogSite.Web", "BlogSite\BlogSite.Web.csproj", "{5E97006C-F7F2-4154-B9E2-39B650A0E7B8}"
EndProject
Project("{FAE04EC0-301F-11D3-BF4B-00C04F79EFBC}") = "BlogSite.Data", "BlogSite.Data\BlogSite.Data.csproj", "{E2AAA1FD-AAF3-4ED0-A761-5CA4E4CDD207}"
EndProject
Project("{FAE04EC0-301F-11D3-BF4B-00C04F79EFBC}") = "BlogSite.Bussiness", "BlogSite.Bussiness\BlogSite.Bussiness.csproj", "{13CB6998-C64F-4F68-872A-FCC5FED2774D}"
EndProject
Global
	GlobalSection(SolutionConfigurationPlatforms) = preSolution
		Debug|Any CPU = Debug|Any CPU
		Release|Any CPU = Release|Any CPU
	EndGlobalSection
	GlobalSection(ProjectConfigurationPlatforms) = postSolution
		{5E97006C-F7F2-4154-B9E2-39B650A0E7B8}.Debug|Any CPU.ActiveCfg = Debug|Any CPU
		{5E97006C-F7F2-4154-B9E2-39B650A0E7B8}.Debug|Any CPU.Build.0 = Debug|Any CPU
		{5E97006C-F7F2-4154-B9E2-39B650A0E7B8}.Release|Any CPU.ActiveCfg = Release|Any CPU
		{5E97006C-F7F2-4154-B9E2-39B650A0E7B8}.Release|Any CPU.Build.0 = Release|Any CPU
		{E2AAA1FD-AAF3-4ED0-A761-5CA4E4CDD207}.Debug|Any CPU.ActiveCfg = Debug|Any CPU
		{E2AAA1FD-AAF3-4ED0-A761-5CA4E4CDD207}.Debug|Any CPU.Build.0 = Debug|Any CPU
		{E2AAA1FD-AAF3-4ED0-A761-5CA4E4CDD207}.Release|Any CPU.ActiveCfg = Release|Any CPU
		{E2AAA1FD-AAF3-4ED0-A761-5CA4E4CDD207}.Release|Any CPU.Build.0 = Release|Any CPU
		{13CB6998-C64F-4F68-872A-FCC5FED2774D}.Debug|Any CPU.ActiveCfg = Debug|Any CPU
		{13CB6998-C64F-4F68-872A-FCC5FED2774D}.Debug|Any CPU.Build.0 = Debug|Any CPU
		{13CB6998-C64F-4F68-872A-FCC5FED2774D}.Release|Any CPU.ActiveCfg = Release|Any CPU
		{13CB6998-C64F-4F68-872A-FCC5FED2774D}.Release|Any CPU.Build.0 = Release|Any CPU
	EndGlobalSection
	GlobalSection(SolutionProperties) = preSolution
		HideSolutionNode = FALSE
	EndGlobalSection
	GlobalSection(ExtensibilityGlobals) = postSolution
		SolutionGuid = {625650E5-A54F-4B10-B257-36A3F35467D3}
	EndGlobalSection
EndGlobal
